// !$*UTF8*$!
{
	archiveVersion = 1;
	classes = {
	};
	objectVersion = 48;
	objects = {

/* Begin PBXBuildFile section */
		037ED1BE5596CA5FC4A688F5 /* Pods_littleprinter.framework in Frameworks */ = {isa = PBXBuildFile; fileRef = 168B07F7D758A4A0F7A9C2B2 /* Pods_littleprinter.framework */; };
		51DC8175840731AD13673571 /* Pods_littleprintershare.framework in Frameworks */ = {isa = PBXBuildFile; fileRef = 853F3B232D59121113CD19C6 /* Pods_littleprintershare.framework */; };
		560D47D02130601E00C36528 /* UIImage+Dither.m in Sources */ = {isa = PBXBuildFile; fileRef = 56776615213017A00086DE2C /* UIImage+Dither.m */; };
		560D47D521308ABA00C36528 /* QuickDrawViewController.swift in Sources */ = {isa = PBXBuildFile; fileRef = 560D47D421308ABA00C36528 /* QuickDrawViewController.swift */; };
		560D47D821317EC900C36528 /* UIImage+Trim.m in Sources */ = {isa = PBXBuildFile; fileRef = 560D47D721317EC900C36528 /* UIImage+Trim.m */; };
		56204CC3211DAEAB0002E3C1 /* MessageSendingViewController.swift in Sources */ = {isa = PBXBuildFile; fileRef = 56204CC2211DAEAB0002E3C1 /* MessageSendingViewController.swift */; };
		5641D3DF2012085F002A7D08 /* BebasNeueWhatever.ttf in Resources */ = {isa = PBXBuildFile; fileRef = 5641D3DE2012085F002A7D08 /* BebasNeueWhatever.ttf */; };
		5641D3E220120DEB002A7D08 /* PosterMessageViewController.swift in Sources */ = {isa = PBXBuildFile; fileRef = 5641D3E120120DEB002A7D08 /* PosterMessageViewController.swift */; };
		5641D3E42012128B002A7D08 /* ReceiptPreviewView.swift in Sources */ = {isa = PBXBuildFile; fileRef = 5641D3E32012128B002A7D08 /* ReceiptPreviewView.swift */; };
		56776616213017A00086DE2C /* UIImage+Dither.m in Sources */ = {isa = PBXBuildFile; fileRef = 56776615213017A00086DE2C /* UIImage+Dither.m */; };
		56F031CE2009123D00543500 /* Views.swift in Sources */ = {isa = PBXBuildFile; fileRef = 56F031CD2009123D00543500 /* Views.swift */; };
		9B090CD220061F890005D841 /* AddPrinterViewController.swift in Sources */ = {isa = PBXBuildFile; fileRef = 9B090CD120061F890005D841 /* AddPrinterViewController.swift */; };
		9B090CD6200620710005D841 /* Printer.swift in Sources */ = {isa = PBXBuildFile; fileRef = 9B090CD5200620710005D841 /* Printer.swift */; };
		9B090CD8200622930005D841 /* PrinterManager.swift in Sources */ = {isa = PBXBuildFile; fileRef = 9B090CD7200622930005D841 /* PrinterManager.swift */; };
		9B090CDA200624430005D841 /* SiriusServer.swift in Sources */ = {isa = PBXBuildFile; fileRef = 9B090CD9200624430005D841 /* SiriusServer.swift */; };
		9B090CDC200625130005D841 /* Result.swift in Sources */ = {isa = PBXBuildFile; fileRef = 9B090CDB200625130005D841 /* Result.swift */; };
		9B090CE2200631FE0005D841 /* Utilities.swift in Sources */ = {isa = PBXBuildFile; fileRef = 9B090CE1200631FE0005D841 /* Utilities.swift */; };
		9B090CE420065A830005D841 /* PrinterListTableViewCell.swift in Sources */ = {isa = PBXBuildFile; fileRef = 9B090CE320065A820005D841 /* PrinterListTableViewCell.swift */; };
		9B26404A20133AAE00C75412 /* AddPrinterFooterView.swift in Sources */ = {isa = PBXBuildFile; fileRef = 9B26404920133AAE00C75412 /* AddPrinterFooterView.swift */; };
		9B26404D2014FF0100C75412 /* SharePrinterViewController.swift in Sources */ = {isa = PBXBuildFile; fileRef = 9B26404C2014FF0100C75412 /* SharePrinterViewController.swift */; };
		9B2845A920120D330061FB8D /* BeginViewController.swift in Sources */ = {isa = PBXBuildFile; fileRef = 9B2845A820120D330061FB8D /* BeginViewController.swift */; };
		9B2E02392004BECA0008AC1F /* AppDelegate.swift in Sources */ = {isa = PBXBuildFile; fileRef = 9B2E02382004BECA0008AC1F /* AppDelegate.swift */; };
		9B2E023B2004BECA0008AC1F /* PrinterListViewController.swift in Sources */ = {isa = PBXBuildFile; fileRef = 9B2E023A2004BECA0008AC1F /* PrinterListViewController.swift */; };
		9B2E02402004BECA0008AC1F /* Assets.xcassets in Resources */ = {isa = PBXBuildFile; fileRef = 9B2E023F2004BECA0008AC1F /* Assets.xcassets */; };
		9B2E02432004BECA0008AC1F /* LaunchScreen.storyboard in Resources */ = {isa = PBXBuildFile; fileRef = 9B2E02412004BECA0008AC1F /* LaunchScreen.storyboard */; };
		9B3F752F20091B29008379FC /* ShareSelectPrinterViewController.swift in Sources */ = {isa = PBXBuildFile; fileRef = 9B3F752E20091B29008379FC /* ShareSelectPrinterViewController.swift */; };
		9B6E4787225DF6CF00739FFF /* QRCode.swift in Sources */ = {isa = PBXBuildFile; fileRef = 9B6E4786225DF6CF00739FFF /* QRCode.swift */; };
		9B6E4788225DF6CF00739FFF /* QRCode.swift in Sources */ = {isa = PBXBuildFile; fileRef = 9B6E4786225DF6CF00739FFF /* QRCode.swift */; };
		9B8786C02012629E00A32B8A /* Components.swift in Sources */ = {isa = PBXBuildFile; fileRef = 9B2845AB201212AB0061FB8D /* Components.swift */; };
		9B8786C22012668000A32B8A /* NavigationController.swift in Sources */ = {isa = PBXBuildFile; fileRef = 9B8786C12012668000A32B8A /* NavigationController.swift */; };
		9BDE7D002007C0E60019AB81 /* PlainTextMessageViewController.swift in Sources */ = {isa = PBXBuildFile; fileRef = 9BDE7CFF2007C0E60019AB81 /* PlainTextMessageViewController.swift */; };
		9BDE7D022008AE250019AB81 /* MessageTypeSelectViewController.swift in Sources */ = {isa = PBXBuildFile; fileRef = 9BDE7D012008AE250019AB81 /* MessageTypeSelectViewController.swift */; };
		9BDE7D042008B3020019AB81 /* HTMLMessageViewController.swift in Sources */ = {isa = PBXBuildFile; fileRef = 9BDE7D032008B3020019AB81 /* HTMLMessageViewController.swift */; };
		9BDE7D072008C4A00019AB81 /* ImageMessageViewController.swift in Sources */ = {isa = PBXBuildFile; fileRef = 9BDE7D062008C4A00019AB81 /* ImageMessageViewController.swift */; };
		9BDE7D0B2008EDDE0019AB81 /* ChooseNameViewController.swift in Sources */ = {isa = PBXBuildFile; fileRef = 9BDE7D0A2008EDDE0019AB81 /* ChooseNameViewController.swift */; };
		9BDE7D0D2008EF4D0019AB81 /* User.swift in Sources */ = {isa = PBXBuildFile; fileRef = 9BDE7D0C2008EF4D0019AB81 /* User.swift */; };
		9BDE7D15200905CA0019AB81 /* ShareViewController.swift in Sources */ = {isa = PBXBuildFile; fileRef = 9BDE7D14200905CA0019AB81 /* ShareViewController.swift */; };
		9BDE7D18200905CA0019AB81 /* MainInterface.storyboard in Resources */ = {isa = PBXBuildFile; fileRef = 9BDE7D16200905CA0019AB81 /* MainInterface.storyboard */; };
		9BDE7D1C200905CA0019AB81 /* littleprintershare.appex in Embed App Extensions */ = {isa = PBXBuildFile; fileRef = 9BDE7D12200905CA0019AB81 /* littleprintershare.appex */; settings = {ATTRIBUTES = (RemoveHeadersOnCopy, ); }; };
		9BDE7D212009106B0019AB81 /* User.swift in Sources */ = {isa = PBXBuildFile; fileRef = 9BDE7D0C2008EF4D0019AB81 /* User.swift */; };
		9BDE7D222009106B0019AB81 /* Printer.swift in Sources */ = {isa = PBXBuildFile; fileRef = 9B090CD5200620710005D841 /* Printer.swift */; };
		9BDE7D232009106B0019AB81 /* PrinterManager.swift in Sources */ = {isa = PBXBuildFile; fileRef = 9B090CD7200622930005D841 /* PrinterManager.swift */; };
		9BDE7D242009106B0019AB81 /* SiriusServer.swift in Sources */ = {isa = PBXBuildFile; fileRef = 9B090CD9200624430005D841 /* SiriusServer.swift */; };
		9BDE7D25200910CA0019AB81 /* Result.swift in Sources */ = {isa = PBXBuildFile; fileRef = 9B090CDB200625130005D841 /* Result.swift */; };
		9BDE7D26200910CA0019AB81 /* Utilities.swift in Sources */ = {isa = PBXBuildFile; fileRef = 9B090CE1200631FE0005D841 /* Utilities.swift */; };
		A67C58CB211DF35C00E7CDF3 /* PermanentMarker.ttf in Resources */ = {isa = PBXBuildFile; fileRef = A67C58CA211DF35B00E7CDF3 /* PermanentMarker.ttf */; };
		A67C58CD211DF7F100E7CDF3 /* PhotoPicker.swift in Sources */ = {isa = PBXBuildFile; fileRef = A67C58CC211DF7F100E7CDF3 /* PhotoPicker.swift */; };
/* End PBXBuildFile section */

/* Begin PBXContainerItemProxy section */
		9BDE7D1A200905CA0019AB81 /* PBXContainerItemProxy */ = {
			isa = PBXContainerItemProxy;
			containerPortal = 9B2E022D2004BECA0008AC1F /* Project object */;
			proxyType = 1;
			remoteGlobalIDString = 9BDE7D11200905CA0019AB81;
			remoteInfo = share;
		};
/* End PBXContainerItemProxy section */

/* Begin PBXCopyFilesBuildPhase section */
		9BDE7D20200905CA0019AB81 /* Embed App Extensions */ = {
			isa = PBXCopyFilesBuildPhase;
			buildActionMask = 2147483647;
			dstPath = "";
			dstSubfolderSpec = 13;
			files = (
				9BDE7D1C200905CA0019AB81 /* littleprintershare.appex in Embed App Extensions */,
			);
			name = "Embed App Extensions";
			runOnlyForDeploymentPostprocessing = 0;
		};
/* End PBXCopyFilesBuildPhase section */

/* Begin PBXFileReference section */
		168B07F7D758A4A0F7A9C2B2 /* Pods_littleprinter.framework */ = {isa = PBXFileReference; explicitFileType = wrapper.framework; includeInIndex = 0; path = Pods_littleprinter.framework; sourceTree = BUILT_PRODUCTS_DIR; };
		560D47D421308ABA00C36528 /* QuickDrawViewController.swift */ = {isa = PBXFileReference; lastKnownFileType = sourcecode.swift; path = QuickDrawViewController.swift; sourceTree = "<group>"; };
		560D47D621317EC900C36528 /* UIImage+Trim.h */ = {isa = PBXFileReference; lastKnownFileType = sourcecode.c.h; path = "UIImage+Trim.h"; sourceTree = "<group>"; };
		560D47D721317EC900C36528 /* UIImage+Trim.m */ = {isa = PBXFileReference; lastKnownFileType = sourcecode.c.objc; path = "UIImage+Trim.m"; sourceTree = "<group>"; };
		56204CC2211DAEAB0002E3C1 /* MessageSendingViewController.swift */ = {isa = PBXFileReference; lastKnownFileType = sourcecode.swift; path = MessageSendingViewController.swift; sourceTree = "<group>"; };
		5641D3DE2012085F002A7D08 /* BebasNeueWhatever.ttf */ = {isa = PBXFileReference; lastKnownFileType = file; path = BebasNeueWhatever.ttf; sourceTree = "<group>"; };
		5641D3E120120DEB002A7D08 /* PosterMessageViewController.swift */ = {isa = PBXFileReference; fileEncoding = 4; lastKnownFileType = sourcecode.swift; path = PosterMessageViewController.swift; sourceTree = "<group>"; };
		5641D3E32012128B002A7D08 /* ReceiptPreviewView.swift */ = {isa = PBXFileReference; lastKnownFileType = sourcecode.swift; path = ReceiptPreviewView.swift; sourceTree = "<group>"; };
		567766132130179F0086DE2C /* littleprinter-Bridging-Header.h */ = {isa = PBXFileReference; lastKnownFileType = sourcecode.c.h; path = "littleprinter-Bridging-Header.h"; sourceTree = "<group>"; };
		56776614213017A00086DE2C /* UIImage+Dither.h */ = {isa = PBXFileReference; lastKnownFileType = sourcecode.c.h; path = "UIImage+Dither.h"; sourceTree = "<group>"; };
		56776615213017A00086DE2C /* UIImage+Dither.m */ = {isa = PBXFileReference; lastKnownFileType = sourcecode.c.objc; path = "UIImage+Dither.m"; sourceTree = "<group>"; };
		56F031CD2009123D00543500 /* Views.swift */ = {isa = PBXFileReference; lastKnownFileType = sourcecode.swift; path = Views.swift; sourceTree = "<group>"; };
		853F3B232D59121113CD19C6 /* Pods_littleprintershare.framework */ = {isa = PBXFileReference; explicitFileType = wrapper.framework; includeInIndex = 0; path = Pods_littleprintershare.framework; sourceTree = BUILT_PRODUCTS_DIR; };
		9AAABE1A763CB9BE1B5F1DBF /* Pods-littleprinter.debug.xcconfig */ = {isa = PBXFileReference; includeInIndex = 1; lastKnownFileType = text.xcconfig; name = "Pods-littleprinter.debug.xcconfig"; path = "Pods/Target Support Files/Pods-littleprinter/Pods-littleprinter.debug.xcconfig"; sourceTree = "<group>"; };
		9B090CD120061F890005D841 /* AddPrinterViewController.swift */ = {isa = PBXFileReference; lastKnownFileType = sourcecode.swift; path = AddPrinterViewController.swift; sourceTree = "<group>"; };
		9B090CD5200620710005D841 /* Printer.swift */ = {isa = PBXFileReference; lastKnownFileType = sourcecode.swift; path = Printer.swift; sourceTree = "<group>"; };
		9B090CD7200622930005D841 /* PrinterManager.swift */ = {isa = PBXFileReference; lastKnownFileType = sourcecode.swift; path = PrinterManager.swift; sourceTree = "<group>"; };
		9B090CD9200624430005D841 /* SiriusServer.swift */ = {isa = PBXFileReference; lastKnownFileType = sourcecode.swift; path = SiriusServer.swift; sourceTree = "<group>"; };
		9B090CDB200625130005D841 /* Result.swift */ = {isa = PBXFileReference; fileEncoding = 4; lastKnownFileType = sourcecode.swift; path = Result.swift; sourceTree = "<group>"; };
		9B090CE1200631FE0005D841 /* Utilities.swift */ = {isa = PBXFileReference; lastKnownFileType = sourcecode.swift; path = Utilities.swift; sourceTree = "<group>"; };
		9B090CE320065A820005D841 /* PrinterListTableViewCell.swift */ = {isa = PBXFileReference; lastKnownFileType = sourcecode.swift; path = PrinterListTableViewCell.swift; sourceTree = "<group>"; };
		9B26404920133AAE00C75412 /* AddPrinterFooterView.swift */ = {isa = PBXFileReference; lastKnownFileType = sourcecode.swift; path = AddPrinterFooterView.swift; sourceTree = "<group>"; };
		9B26404C2014FF0100C75412 /* SharePrinterViewController.swift */ = {isa = PBXFileReference; lastKnownFileType = sourcecode.swift; path = SharePrinterViewController.swift; sourceTree = "<group>"; };
		9B2845A820120D330061FB8D /* BeginViewController.swift */ = {isa = PBXFileReference; lastKnownFileType = sourcecode.swift; path = BeginViewController.swift; sourceTree = "<group>"; };
		9B2845AB201212AB0061FB8D /* Components.swift */ = {isa = PBXFileReference; lastKnownFileType = sourcecode.swift; path = Components.swift; sourceTree = "<group>"; };
		9B2E02352004BECA0008AC1F /* littleprinter.app */ = {isa = PBXFileReference; explicitFileType = wrapper.application; includeInIndex = 0; path = littleprinter.app; sourceTree = BUILT_PRODUCTS_DIR; };
		9B2E02382004BECA0008AC1F /* AppDelegate.swift */ = {isa = PBXFileReference; lastKnownFileType = sourcecode.swift; path = AppDelegate.swift; sourceTree = "<group>"; };
		9B2E023A2004BECA0008AC1F /* PrinterListViewController.swift */ = {isa = PBXFileReference; lastKnownFileType = sourcecode.swift; path = PrinterListViewController.swift; sourceTree = "<group>"; };
		9B2E023F2004BECA0008AC1F /* Assets.xcassets */ = {isa = PBXFileReference; lastKnownFileType = folder.assetcatalog; path = Assets.xcassets; sourceTree = "<group>"; };
		9B2E02422004BECA0008AC1F /* Base */ = {isa = PBXFileReference; lastKnownFileType = file.storyboard; name = Base; path = Base.lproj/LaunchScreen.storyboard; sourceTree = "<group>"; };
		9B2E02442004BECA0008AC1F /* Info.plist */ = {isa = PBXFileReference; lastKnownFileType = text.plist.xml; path = Info.plist; sourceTree = "<group>"; };
		9B3F752E20091B29008379FC /* ShareSelectPrinterViewController.swift */ = {isa = PBXFileReference; lastKnownFileType = sourcecode.swift; path = ShareSelectPrinterViewController.swift; sourceTree = "<group>"; };
		9B3F7530200922A1008379FC /* littleprinter.entitlements */ = {isa = PBXFileReference; lastKnownFileType = text.plist.entitlements; path = littleprinter.entitlements; sourceTree = "<group>"; };
		9B3F7531200922DC008379FC /* share.entitlements */ = {isa = PBXFileReference; lastKnownFileType = text.plist.entitlements; path = share.entitlements; sourceTree = "<group>"; };
		9B6E4786225DF6CF00739FFF /* QRCode.swift */ = {isa = PBXFileReference; lastKnownFileType = sourcecode.swift; path = QRCode.swift; sourceTree = "<group>"; };
		9B8786C12012668000A32B8A /* NavigationController.swift */ = {isa = PBXFileReference; lastKnownFileType = sourcecode.swift; path = NavigationController.swift; sourceTree = "<group>"; };
		9BDE7CFF2007C0E60019AB81 /* PlainTextMessageViewController.swift */ = {isa = PBXFileReference; lastKnownFileType = sourcecode.swift; path = PlainTextMessageViewController.swift; sourceTree = "<group>"; };
		9BDE7D012008AE250019AB81 /* MessageTypeSelectViewController.swift */ = {isa = PBXFileReference; lastKnownFileType = sourcecode.swift; path = MessageTypeSelectViewController.swift; sourceTree = "<group>"; };
		9BDE7D032008B3020019AB81 /* HTMLMessageViewController.swift */ = {isa = PBXFileReference; lastKnownFileType = sourcecode.swift; path = HTMLMessageViewController.swift; sourceTree = "<group>"; };
		9BDE7D062008C4A00019AB81 /* ImageMessageViewController.swift */ = {isa = PBXFileReference; lastKnownFileType = sourcecode.swift; path = ImageMessageViewController.swift; sourceTree = "<group>"; };
		9BDE7D0A2008EDDE0019AB81 /* ChooseNameViewController.swift */ = {isa = PBXFileReference; lastKnownFileType = sourcecode.swift; path = ChooseNameViewController.swift; sourceTree = "<group>"; };
		9BDE7D0C2008EF4D0019AB81 /* User.swift */ = {isa = PBXFileReference; lastKnownFileType = sourcecode.swift; path = User.swift; sourceTree = "<group>"; };
		9BDE7D12200905CA0019AB81 /* littleprintershare.appex */ = {isa = PBXFileReference; explicitFileType = "wrapper.app-extension"; includeInIndex = 0; path = littleprintershare.appex; sourceTree = BUILT_PRODUCTS_DIR; };
		9BDE7D14200905CA0019AB81 /* ShareViewController.swift */ = {isa = PBXFileReference; lastKnownFileType = sourcecode.swift; path = ShareViewController.swift; sourceTree = "<group>"; };
		9BDE7D17200905CA0019AB81 /* Base */ = {isa = PBXFileReference; lastKnownFileType = file.storyboard; name = Base; path = Base.lproj/MainInterface.storyboard; sourceTree = "<group>"; };
		9BDE7D19200905CA0019AB81 /* Info.plist */ = {isa = PBXFileReference; lastKnownFileType = text.plist.xml; path = Info.plist; sourceTree = "<group>"; };
		A67C58CA211DF35B00E7CDF3 /* PermanentMarker.ttf */ = {isa = PBXFileReference; lastKnownFileType = file; path = PermanentMarker.ttf; sourceTree = "<group>"; };
		A67C58CC211DF7F100E7CDF3 /* PhotoPicker.swift */ = {isa = PBXFileReference; fileEncoding = 4; lastKnownFileType = sourcecode.swift; path = PhotoPicker.swift; sourceTree = "<group>"; };
		B79A12B938AB7EFBF90EDCC9 /* Pods-littleprintershare.debug.xcconfig */ = {isa = PBXFileReference; includeInIndex = 1; lastKnownFileType = text.xcconfig; name = "Pods-littleprintershare.debug.xcconfig"; path = "Pods/Target Support Files/Pods-littleprintershare/Pods-littleprintershare.debug.xcconfig"; sourceTree = "<group>"; };
		D65C9079B518A328D8044A26 /* Pods-littleprintershare.release.xcconfig */ = {isa = PBXFileReference; includeInIndex = 1; lastKnownFileType = text.xcconfig; name = "Pods-littleprintershare.release.xcconfig"; path = "Pods/Target Support Files/Pods-littleprintershare/Pods-littleprintershare.release.xcconfig"; sourceTree = "<group>"; };
		DE014890CAD18D5ECA1559F5 /* Pods-littleprinter.release.xcconfig */ = {isa = PBXFileReference; includeInIndex = 1; lastKnownFileType = text.xcconfig; name = "Pods-littleprinter.release.xcconfig"; path = "Pods/Target Support Files/Pods-littleprinter/Pods-littleprinter.release.xcconfig"; sourceTree = "<group>"; };
/* End PBXFileReference section */

/* Begin PBXFrameworksBuildPhase section */
		9B2E02322004BECA0008AC1F /* Frameworks */ = {
			isa = PBXFrameworksBuildPhase;
			buildActionMask = 2147483647;
			files = (
				037ED1BE5596CA5FC4A688F5 /* Pods_littleprinter.framework in Frameworks */,
			);
			runOnlyForDeploymentPostprocessing = 0;
		};
		9BDE7D0F200905CA0019AB81 /* Frameworks */ = {
			isa = PBXFrameworksBuildPhase;
			buildActionMask = 2147483647;
			files = (
				51DC8175840731AD13673571 /* Pods_littleprintershare.framework in Frameworks */,
			);
			runOnlyForDeploymentPostprocessing = 0;
		};
/* End PBXFrameworksBuildPhase section */

/* Begin PBXGroup section */
		9B090CD3200620400005D841 /* UI */ = {
			isa = PBXGroup;
			children = (
				9B8786C12012668000A32B8A /* NavigationController.swift */,
				9B26404B2014FED200C75412 /* Printers */,
				9B2845AA201212860061FB8D /* On Boarding */,
				9BDE7D052008BCFD0019AB81 /* Messages */,
				9B2E023F2004BECA0008AC1F /* Assets.xcassets */,
				9B2E02412004BECA0008AC1F /* LaunchScreen.storyboard */,
				9B2845AB201212AB0061FB8D /* Components.swift */,
			);
			path = UI;
			sourceTree = "<group>";
		};
		9B090CD4200620590005D841 /* Data */ = {
			isa = PBXGroup;
			children = (
				9BDE7D0C2008EF4D0019AB81 /* User.swift */,
				9B090CD5200620710005D841 /* Printer.swift */,
				9B090CD7200622930005D841 /* PrinterManager.swift */,
				9B090CD9200624430005D841 /* SiriusServer.swift */,
			);
			path = Data;
			sourceTree = "<group>";
		};
		9B090CDD20062CD20005D841 /* Utilities */ = {
			isa = PBXGroup;
			children = (
				9B6E4786225DF6CF00739FFF /* QRCode.swift */,
				9B090CDB200625130005D841 /* Result.swift */,
				9B090CE1200631FE0005D841 /* Utilities.swift */,
				56F031CD2009123D00543500 /* Views.swift */,
				56776614213017A00086DE2C /* UIImage+Dither.h */,
				56776615213017A00086DE2C /* UIImage+Dither.m */,
				560D47D621317EC900C36528 /* UIImage+Trim.h */,
				560D47D721317EC900C36528 /* UIImage+Trim.m */,
				567766132130179F0086DE2C /* littleprinter-Bridging-Header.h */,
			);
			path = Utilities;
			sourceTree = "<group>";
		};
		9B090CDE20062F240005D841 /* Stubs */ = {
			isa = PBXGroup;
			children = (
			);
			path = Stubs;
			sourceTree = "<group>";
		};
		9B26404B2014FED200C75412 /* Printers */ = {
			isa = PBXGroup;
			children = (
				9B2E023A2004BECA0008AC1F /* PrinterListViewController.swift */,
				9B090CE320065A820005D841 /* PrinterListTableViewCell.swift */,
				9B26404920133AAE00C75412 /* AddPrinterFooterView.swift */,
				9B090CD120061F890005D841 /* AddPrinterViewController.swift */,
				9B26404C2014FF0100C75412 /* SharePrinterViewController.swift */,
			);
			path = Printers;
			sourceTree = "<group>";
		};
		9B2845AA201212860061FB8D /* On Boarding */ = {
			isa = PBXGroup;
			children = (
				9B2845A820120D330061FB8D /* BeginViewController.swift */,
				9BDE7D0A2008EDDE0019AB81 /* ChooseNameViewController.swift */,
			);
			path = "On Boarding";
			sourceTree = "<group>";
		};
		9B2E022C2004BECA0008AC1F = {
			isa = PBXGroup;
			children = (
				9B2E02372004BECA0008AC1F /* littleprinter */,
				9BDE7D13200905CA0019AB81 /* share */,
				9B2E02362004BECA0008AC1F /* Products */,
				ADE565E6CFCA520D2DEF7013 /* Pods */,
				CF6A4F7C3237D76AF072D919 /* Frameworks */,
			);
			sourceTree = "<group>";
		};
		9B2E02362004BECA0008AC1F /* Products */ = {
			isa = PBXGroup;
			children = (
				9B2E02352004BECA0008AC1F /* littleprinter.app */,
				9BDE7D12200905CA0019AB81 /* littleprintershare.appex */,
			);
			name = Products;
			sourceTree = "<group>";
		};
		9B2E02372004BECA0008AC1F /* littleprinter */ = {
			isa = PBXGroup;
			children = (
				9B3F7530200922A1008379FC /* littleprinter.entitlements */,
				9B2E02382004BECA0008AC1F /* AppDelegate.swift */,
				9B090CD3200620400005D841 /* UI */,
				9B090CD4200620590005D841 /* Data */,
				9B090CDD20062CD20005D841 /* Utilities */,
				9B090CDE20062F240005D841 /* Stubs */,
				9B2E02442004BECA0008AC1F /* Info.plist */,
				A67C58CA211DF35B00E7CDF3 /* PermanentMarker.ttf */,
				5641D3DE2012085F002A7D08 /* BebasNeueWhatever.ttf */,
			);
			path = littleprinter;
			sourceTree = "<group>";
		};
		9BDE7D052008BCFD0019AB81 /* Messages */ = {
			isa = PBXGroup;
			children = (
				56204CC2211DAEAB0002E3C1 /* MessageSendingViewController.swift */,
				9BDE7D012008AE250019AB81 /* MessageTypeSelectViewController.swift */,
				9BDE7CFF2007C0E60019AB81 /* PlainTextMessageViewController.swift */,
				9BDE7D032008B3020019AB81 /* HTMLMessageViewController.swift */,
				9BDE7D062008C4A00019AB81 /* ImageMessageViewController.swift */,
				A67C58CC211DF7F100E7CDF3 /* PhotoPicker.swift */,
				5641D3E120120DEB002A7D08 /* PosterMessageViewController.swift */,
				5641D3E32012128B002A7D08 /* ReceiptPreviewView.swift */,
				560D47D421308ABA00C36528 /* QuickDrawViewController.swift */,
			);
			path = Messages;
			sourceTree = "<group>";
		};
		9BDE7D13200905CA0019AB81 /* share */ = {
			isa = PBXGroup;
			children = (
				9B3F7531200922DC008379FC /* share.entitlements */,
				9BDE7D14200905CA0019AB81 /* ShareViewController.swift */,
				9B3F752E20091B29008379FC /* ShareSelectPrinterViewController.swift */,
				9BDE7D16200905CA0019AB81 /* MainInterface.storyboard */,
				9BDE7D19200905CA0019AB81 /* Info.plist */,
			);
			path = share;
			sourceTree = "<group>";
		};
		ADE565E6CFCA520D2DEF7013 /* Pods */ = {
			isa = PBXGroup;
			children = (
				9AAABE1A763CB9BE1B5F1DBF /* Pods-littleprinter.debug.xcconfig */,
				DE014890CAD18D5ECA1559F5 /* Pods-littleprinter.release.xcconfig */,
				B79A12B938AB7EFBF90EDCC9 /* Pods-littleprintershare.debug.xcconfig */,
				D65C9079B518A328D8044A26 /* Pods-littleprintershare.release.xcconfig */,
			);
			name = Pods;
			sourceTree = "<group>";
		};
		CF6A4F7C3237D76AF072D919 /* Frameworks */ = {
			isa = PBXGroup;
			children = (
				168B07F7D758A4A0F7A9C2B2 /* Pods_littleprinter.framework */,
				853F3B232D59121113CD19C6 /* Pods_littleprintershare.framework */,
			);
			name = Frameworks;
			sourceTree = "<group>";
		};
/* End PBXGroup section */

/* Begin PBXNativeTarget section */
		9B2E02342004BECA0008AC1F /* littleprinter */ = {
			isa = PBXNativeTarget;
			buildConfigurationList = 9B2E02472004BECA0008AC1F /* Build configuration list for PBXNativeTarget "littleprinter" */;
			buildPhases = (
				4B1F478EF5FC9E69336C6508 /* [CP] Check Pods Manifest.lock */,
				9B2E02312004BECA0008AC1F /* Sources */,
				9B2E02322004BECA0008AC1F /* Frameworks */,
				9B2E02332004BECA0008AC1F /* Resources */,
				0A899B03B748B3668A1EFD45 /* [CP] Embed Pods Frameworks */,
				9BDE7D20200905CA0019AB81 /* Embed App Extensions */,
			);
			buildRules = (
			);
			dependencies = (
				9BDE7D1B200905CA0019AB81 /* PBXTargetDependency */,
			);
			name = littleprinter;
			productName = littleprinter;
			productReference = 9B2E02352004BECA0008AC1F /* littleprinter.app */;
			productType = "com.apple.product-type.application";
		};
		9BDE7D11200905CA0019AB81 /* littleprintershare */ = {
			isa = PBXNativeTarget;
			buildConfigurationList = 9BDE7D1D200905CA0019AB81 /* Build configuration list for PBXNativeTarget "littleprintershare" */;
			buildPhases = (
				86A06C448969D29F40398723 /* [CP] Check Pods Manifest.lock */,
				9BDE7D0E200905CA0019AB81 /* Sources */,
				9BDE7D0F200905CA0019AB81 /* Frameworks */,
				9BDE7D10200905CA0019AB81 /* Resources */,
			);
			buildRules = (
			);
			dependencies = (
			);
			name = littleprintershare;
			productName = share;
			productReference = 9BDE7D12200905CA0019AB81 /* littleprintershare.appex */;
			productType = "com.apple.product-type.app-extension";
		};
/* End PBXNativeTarget section */

/* Begin PBXProject section */
		9B2E022D2004BECA0008AC1F /* Project object */ = {
			isa = PBXProject;
			attributes = {
				LastSwiftUpdateCheck = 0920;
				LastUpgradeCheck = 0930;
				ORGANIZATIONNAME = "Nord Projects Ltd";
				TargetAttributes = {
					9B2E02342004BECA0008AC1F = {
						CreatedOnToolsVersion = 9.2;
						LastSwiftMigration = 1020;
						ProvisioningStyle = Automatic;
						SystemCapabilities = {
							com.apple.ApplicationGroups.iOS = {
								enabled = 1;
							};
						};
					};
					9BDE7D11200905CA0019AB81 = {
						CreatedOnToolsVersion = 9.2;
						LastSwiftMigration = 1020;
						ProvisioningStyle = Automatic;
						SystemCapabilities = {
							com.apple.ApplicationGroups.iOS = {
								enabled = 1;
							};
						};
					};
				};
			};
			buildConfigurationList = 9B2E02302004BECA0008AC1F /* Build configuration list for PBXProject "littleprinter" */;
			compatibilityVersion = "Xcode 8.0";
			developmentRegion = en;
			hasScannedForEncodings = 0;
			knownRegions = (
				en,
				Base,
			);
			mainGroup = 9B2E022C2004BECA0008AC1F;
			productRefGroup = 9B2E02362004BECA0008AC1F /* Products */;
			projectDirPath = "";
			projectRoot = "";
			targets = (
				9B2E02342004BECA0008AC1F /* littleprinter */,
				9BDE7D11200905CA0019AB81 /* littleprintershare */,
			);
		};
/* End PBXProject section */

/* Begin PBXResourcesBuildPhase section */
		9B2E02332004BECA0008AC1F /* Resources */ = {
			isa = PBXResourcesBuildPhase;
			buildActionMask = 2147483647;
			files = (
				9B2E02432004BECA0008AC1F /* LaunchScreen.storyboard in Resources */,
				9B2E02402004BECA0008AC1F /* Assets.xcassets in Resources */,
				5641D3DF2012085F002A7D08 /* BebasNeueWhatever.ttf in Resources */,
				A67C58CB211DF35C00E7CDF3 /* PermanentMarker.ttf in Resources */,
			);
			runOnlyForDeploymentPostprocessing = 0;
		};
		9BDE7D10200905CA0019AB81 /* Resources */ = {
			isa = PBXResourcesBuildPhase;
			buildActionMask = 2147483647;
			files = (
				9BDE7D18200905CA0019AB81 /* MainInterface.storyboard in Resources */,
			);
			runOnlyForDeploymentPostprocessing = 0;
		};
/* End PBXResourcesBuildPhase section */

/* Begin PBXShellScriptBuildPhase section */
		0A899B03B748B3668A1EFD45 /* [CP] Embed Pods Frameworks */ = {
			isa = PBXShellScriptBuildPhase;
			buildActionMask = 2147483647;
			files = (
			);
			inputPaths = (
				"${PODS_ROOT}/Target Support Files/Pods-littleprinter/Pods-littleprinter-frameworks.sh",
				"${BUILT_PRODUCTS_DIR}/HTMLString/HTMLString.framework",
				"${BUILT_PRODUCTS_DIR}/SnapKit/SnapKit.framework",
			);
			name = "[CP] Embed Pods Frameworks";
			outputPaths = (
				"${TARGET_BUILD_DIR}/${FRAMEWORKS_FOLDER_PATH}/HTMLString.framework",
				"${TARGET_BUILD_DIR}/${FRAMEWORKS_FOLDER_PATH}/SnapKit.framework",
			);
			runOnlyForDeploymentPostprocessing = 0;
			shellPath = /bin/sh;
			shellScript = "\"${PODS_ROOT}/Target Support Files/Pods-littleprinter/Pods-littleprinter-frameworks.sh\"\n";
			showEnvVarsInLog = 0;
		};
		4B1F478EF5FC9E69336C6508 /* [CP] Check Pods Manifest.lock */ = {
			isa = PBXShellScriptBuildPhase;
			buildActionMask = 2147483647;
			files = (
			);
			inputPaths = (
				"${PODS_PODFILE_DIR_PATH}/Podfile.lock",
				"${PODS_ROOT}/Manifest.lock",
			);
			name = "[CP] Check Pods Manifest.lock";
			outputPaths = (
				"$(DERIVED_FILE_DIR)/Pods-littleprinter-checkManifestLockResult.txt",
			);
			runOnlyForDeploymentPostprocessing = 0;
			shellPath = /bin/sh;
			shellScript = "diff \"${PODS_PODFILE_DIR_PATH}/Podfile.lock\" \"${PODS_ROOT}/Manifest.lock\" > /dev/null\nif [ $? != 0 ] ; then\n    # print error to STDERR\n    echo \"error: The sandbox is not in sync with the Podfile.lock. Run 'pod install' or update your CocoaPods installation.\" >&2\n    exit 1\nfi\n# This output is used by Xcode 'outputs' to avoid re-running this script phase.\necho \"SUCCESS\" > \"${SCRIPT_OUTPUT_FILE_0}\"\n";
			showEnvVarsInLog = 0;
		};
		86A06C448969D29F40398723 /* [CP] Check Pods Manifest.lock */ = {
			isa = PBXShellScriptBuildPhase;
			buildActionMask = 2147483647;
			files = (
			);
			inputPaths = (
				"${PODS_PODFILE_DIR_PATH}/Podfile.lock",
				"${PODS_ROOT}/Manifest.lock",
			);
			name = "[CP] Check Pods Manifest.lock";
			outputPaths = (
				"$(DERIVED_FILE_DIR)/Pods-littleprintershare-checkManifestLockResult.txt",
			);
			runOnlyForDeploymentPostprocessing = 0;
			shellPath = /bin/sh;
			shellScript = "diff \"${PODS_PODFILE_DIR_PATH}/Podfile.lock\" \"${PODS_ROOT}/Manifest.lock\" > /dev/null\nif [ $? != 0 ] ; then\n    # print error to STDERR\n    echo \"error: The sandbox is not in sync with the Podfile.lock. Run 'pod install' or update your CocoaPods installation.\" >&2\n    exit 1\nfi\n# This output is used by Xcode 'outputs' to avoid re-running this script phase.\necho \"SUCCESS\" > \"${SCRIPT_OUTPUT_FILE_0}\"\n";
			showEnvVarsInLog = 0;
		};
/* End PBXShellScriptBuildPhase section */

/* Begin PBXSourcesBuildPhase section */
		9B2E02312004BECA0008AC1F /* Sources */ = {
			isa = PBXSourcesBuildPhase;
			buildActionMask = 2147483647;
			files = (
				9BDE7D022008AE250019AB81 /* MessageTypeSelectViewController.swift in Sources */,
				9B090CD8200622930005D841 /* PrinterManager.swift in Sources */,
				9B090CD6200620710005D841 /* Printer.swift in Sources */,
				9BDE7D0D2008EF4D0019AB81 /* User.swift in Sources */,
				5641D3E42012128B002A7D08 /* ReceiptPreviewView.swift in Sources */,
				56204CC3211DAEAB0002E3C1 /* MessageSendingViewController.swift in Sources */,
				9B090CD220061F890005D841 /* AddPrinterViewController.swift in Sources */,
				9B090CE420065A830005D841 /* PrinterListTableViewCell.swift in Sources */,
				9B6E4787225DF6CF00739FFF /* QRCode.swift in Sources */,
				9B090CDA200624430005D841 /* SiriusServer.swift in Sources */,
				9B090CDC200625130005D841 /* Result.swift in Sources */,
				56F031CE2009123D00543500 /* Views.swift in Sources */,
				9B090CE2200631FE0005D841 /* Utilities.swift in Sources */,
				9B26404D2014FF0100C75412 /* SharePrinterViewController.swift in Sources */,
				9B2E023B2004BECA0008AC1F /* PrinterListViewController.swift in Sources */,
				9B2845A920120D330061FB8D /* BeginViewController.swift in Sources */,
				9BDE7D0B2008EDDE0019AB81 /* ChooseNameViewController.swift in Sources */,
				5641D3E220120DEB002A7D08 /* PosterMessageViewController.swift in Sources */,
				9B2E02392004BECA0008AC1F /* AppDelegate.swift in Sources */,
				9BDE7D002007C0E60019AB81 /* PlainTextMessageViewController.swift in Sources */,
				56776616213017A00086DE2C /* UIImage+Dither.m in Sources */,
				9B8786C02012629E00A32B8A /* Components.swift in Sources */,
				9B26404A20133AAE00C75412 /* AddPrinterFooterView.swift in Sources */,
				560D47D521308ABA00C36528 /* QuickDrawViewController.swift in Sources */,
				A67C58CD211DF7F100E7CDF3 /* PhotoPicker.swift in Sources */,
				9BDE7D072008C4A00019AB81 /* ImageMessageViewController.swift in Sources */,
				560D47D821317EC900C36528 /* UIImage+Trim.m in Sources */,
				9B8786C22012668000A32B8A /* NavigationController.swift in Sources */,
				9BDE7D042008B3020019AB81 /* HTMLMessageViewController.swift in Sources */,
			);
			runOnlyForDeploymentPostprocessing = 0;
		};
		9BDE7D0E200905CA0019AB81 /* Sources */ = {
			isa = PBXSourcesBuildPhase;
			buildActionMask = 2147483647;
			files = (
				9BDE7D25200910CA0019AB81 /* Result.swift in Sources */,
				9BDE7D242009106B0019AB81 /* SiriusServer.swift in Sources */,
				9BDE7D26200910CA0019AB81 /* Utilities.swift in Sources */,
				9BDE7D222009106B0019AB81 /* Printer.swift in Sources */,
				560D47D02130601E00C36528 /* UIImage+Dither.m in Sources */,
				9BDE7D212009106B0019AB81 /* User.swift in Sources */,
				9BDE7D232009106B0019AB81 /* PrinterManager.swift in Sources */,
				9BDE7D15200905CA0019AB81 /* ShareViewController.swift in Sources */,
				9B3F752F20091B29008379FC /* ShareSelectPrinterViewController.swift in Sources */,
				9B6E4788225DF6CF00739FFF /* QRCode.swift in Sources */,
			);
			runOnlyForDeploymentPostprocessing = 0;
		};
/* End PBXSourcesBuildPhase section */

/* Begin PBXTargetDependency section */
		9BDE7D1B200905CA0019AB81 /* PBXTargetDependency */ = {
			isa = PBXTargetDependency;
			target = 9BDE7D11200905CA0019AB81 /* littleprintershare */;
			targetProxy = 9BDE7D1A200905CA0019AB81 /* PBXContainerItemProxy */;
		};
/* End PBXTargetDependency section */

/* Begin PBXVariantGroup section */
		9B2E02412004BECA0008AC1F /* LaunchScreen.storyboard */ = {
			isa = PBXVariantGroup;
			children = (
				9B2E02422004BECA0008AC1F /* Base */,
			);
			name = LaunchScreen.storyboard;
			sourceTree = "<group>";
		};
		9BDE7D16200905CA0019AB81 /* MainInterface.storyboard */ = {
			isa = PBXVariantGroup;
			children = (
				9BDE7D17200905CA0019AB81 /* Base */,
			);
			name = MainInterface.storyboard;
			sourceTree = "<group>";
		};
/* End PBXVariantGroup section */

/* Begin XCBuildConfiguration section */
		9B2E02452004BECA0008AC1F /* Debug */ = {
			isa = XCBuildConfiguration;
			buildSettings = {
				ALWAYS_SEARCH_USER_PATHS = NO;
				CLANG_ANALYZER_NONNULL = YES;
				CLANG_ANALYZER_NUMBER_OBJECT_CONVERSION = YES_AGGRESSIVE;
				CLANG_CXX_LANGUAGE_STANDARD = "gnu++14";
				CLANG_CXX_LIBRARY = "libc++";
				CLANG_ENABLE_MODULES = YES;
				CLANG_ENABLE_OBJC_ARC = YES;
				CLANG_WARN_BLOCK_CAPTURE_AUTORELEASING = YES;
				CLANG_WARN_BOOL_CONVERSION = YES;
				CLANG_WARN_COMMA = YES;
				CLANG_WARN_CONSTANT_CONVERSION = YES;
				CLANG_WARN_DEPRECATED_OBJC_IMPLEMENTATIONS = YES;
				CLANG_WARN_DIRECT_OBJC_ISA_USAGE = YES_ERROR;
				CLANG_WARN_DOCUMENTATION_COMMENTS = YES;
				CLANG_WARN_EMPTY_BODY = YES;
				CLANG_WARN_ENUM_CONVERSION = YES;
				CLANG_WARN_INFINITE_RECURSION = YES;
				CLANG_WARN_INT_CONVERSION = YES;
				CLANG_WARN_NON_LITERAL_NULL_CONVERSION = YES;
				CLANG_WARN_OBJC_IMPLICIT_RETAIN_SELF = YES;
				CLANG_WARN_OBJC_LITERAL_CONVERSION = YES;
				CLANG_WARN_OBJC_ROOT_CLASS = YES_ERROR;
				CLANG_WARN_RANGE_LOOP_ANALYSIS = YES;
				CLANG_WARN_STRICT_PROTOTYPES = YES;
				CLANG_WARN_SUSPICIOUS_MOVE = YES;
				CLANG_WARN_UNGUARDED_AVAILABILITY = YES_AGGRESSIVE;
				CLANG_WARN_UNREACHABLE_CODE = YES;
				CLANG_WARN__DUPLICATE_METHOD_MATCH = YES;
				CODE_SIGN_IDENTITY = "iPhone Developer";
				COPY_PHASE_STRIP = NO;
				DEBUG_INFORMATION_FORMAT = dwarf;
				ENABLE_STRICT_OBJC_MSGSEND = YES;
				ENABLE_TESTABILITY = YES;
				GCC_C_LANGUAGE_STANDARD = gnu11;
				GCC_DYNAMIC_NO_PIC = NO;
				GCC_NO_COMMON_BLOCKS = YES;
				GCC_OPTIMIZATION_LEVEL = 0;
				GCC_PREPROCESSOR_DEFINITIONS = (
					"DEBUG=1",
					"$(inherited)",
				);
				GCC_WARN_64_TO_32_BIT_CONVERSION = YES;
				GCC_WARN_ABOUT_RETURN_TYPE = YES_ERROR;
				GCC_WARN_UNDECLARED_SELECTOR = YES;
				GCC_WARN_UNINITIALIZED_AUTOS = YES_AGGRESSIVE;
				GCC_WARN_UNUSED_FUNCTION = YES;
				GCC_WARN_UNUSED_VARIABLE = YES;
				IPHONEOS_DEPLOYMENT_TARGET = 11.2;
				MTL_ENABLE_DEBUG_INFO = YES;
				ONLY_ACTIVE_ARCH = YES;
				SDKROOT = iphoneos;
				SWIFT_ACTIVE_COMPILATION_CONDITIONS = DEBUG;
				SWIFT_OPTIMIZATION_LEVEL = "-Onone";
			};
			name = Debug;
		};
		9B2E02462004BECA0008AC1F /* Release */ = {
			isa = XCBuildConfiguration;
			buildSettings = {
				ALWAYS_SEARCH_USER_PATHS = NO;
				CLANG_ANALYZER_NONNULL = YES;
				CLANG_ANALYZER_NUMBER_OBJECT_CONVERSION = YES_AGGRESSIVE;
				CLANG_CXX_LANGUAGE_STANDARD = "gnu++14";
				CLANG_CXX_LIBRARY = "libc++";
				CLANG_ENABLE_MODULES = YES;
				CLANG_ENABLE_OBJC_ARC = YES;
				CLANG_WARN_BLOCK_CAPTURE_AUTORELEASING = YES;
				CLANG_WARN_BOOL_CONVERSION = YES;
				CLANG_WARN_COMMA = YES;
				CLANG_WARN_CONSTANT_CONVERSION = YES;
				CLANG_WARN_DEPRECATED_OBJC_IMPLEMENTATIONS = YES;
				CLANG_WARN_DIRECT_OBJC_ISA_USAGE = YES_ERROR;
				CLANG_WARN_DOCUMENTATION_COMMENTS = YES;
				CLANG_WARN_EMPTY_BODY = YES;
				CLANG_WARN_ENUM_CONVERSION = YES;
				CLANG_WARN_INFINITE_RECURSION = YES;
				CLANG_WARN_INT_CONVERSION = YES;
				CLANG_WARN_NON_LITERAL_NULL_CONVERSION = YES;
				CLANG_WARN_OBJC_IMPLICIT_RETAIN_SELF = YES;
				CLANG_WARN_OBJC_LITERAL_CONVERSION = YES;
				CLANG_WARN_OBJC_ROOT_CLASS = YES_ERROR;
				CLANG_WARN_RANGE_LOOP_ANALYSIS = YES;
				CLANG_WARN_STRICT_PROTOTYPES = YES;
				CLANG_WARN_SUSPICIOUS_MOVE = YES;
				CLANG_WARN_UNGUARDED_AVAILABILITY = YES_AGGRESSIVE;
				CLANG_WARN_UNREACHABLE_CODE = YES;
				CLANG_WARN__DUPLICATE_METHOD_MATCH = YES;
				CODE_SIGN_IDENTITY = "iPhone Developer";
				COPY_PHASE_STRIP = NO;
				DEBUG_INFORMATION_FORMAT = "dwarf-with-dsym";
				ENABLE_NS_ASSERTIONS = NO;
				ENABLE_STRICT_OBJC_MSGSEND = YES;
				GCC_C_LANGUAGE_STANDARD = gnu11;
				GCC_NO_COMMON_BLOCKS = YES;
				GCC_WARN_64_TO_32_BIT_CONVERSION = YES;
				GCC_WARN_ABOUT_RETURN_TYPE = YES_ERROR;
				GCC_WARN_UNDECLARED_SELECTOR = YES;
				GCC_WARN_UNINITIALIZED_AUTOS = YES_AGGRESSIVE;
				GCC_WARN_UNUSED_FUNCTION = YES;
				GCC_WARN_UNUSED_VARIABLE = YES;
				IPHONEOS_DEPLOYMENT_TARGET = 11.2;
				MTL_ENABLE_DEBUG_INFO = NO;
				SDKROOT = iphoneos;
				SWIFT_OPTIMIZATION_LEVEL = "-Owholemodule";
				VALIDATE_PRODUCT = YES;
			};
			name = Release;
		};
		9B2E02482004BECA0008AC1F /* Debug */ = {
			isa = XCBuildConfiguration;
			baseConfigurationReference = 9AAABE1A763CB9BE1B5F1DBF /* Pods-littleprinter.debug.xcconfig */;
			buildSettings = {
				ALWAYS_EMBED_SWIFT_STANDARD_LIBRARIES = YES;
				ASSETCATALOG_COMPILER_APPICON_NAME = AppIcon;
				CLANG_ENABLE_MODULES = YES;
				CODE_SIGN_ENTITLEMENTS = littleprinter/littleprinter.entitlements;
				CODE_SIGN_STYLE = Automatic;
				DEVELOPMENT_TEAM = 3A985RNWU8;
				INFOPLIST_FILE = littleprinter/Info.plist;
				IPHONEOS_DEPLOYMENT_TARGET = 11.0;
				LD_RUNPATH_SEARCH_PATHS = "$(inherited) @executable_path/Frameworks";
				PRODUCT_BUNDLE_IDENTIFIER = co.nordprojects.littleprinter;
				PRODUCT_NAME = "$(TARGET_NAME)";
				SWIFT_OBJC_BRIDGING_HEADER = "littleprinter/Utilities/littleprinter-Bridging-Header.h";
				SWIFT_OPTIMIZATION_LEVEL = "-Onone";
				SWIFT_VERSION = 5.0;
				TARGETED_DEVICE_FAMILY = 1;
			};
			name = Debug;
		};
		9B2E02492004BECA0008AC1F /* Release */ = {
			isa = XCBuildConfiguration;
			baseConfigurationReference = DE014890CAD18D5ECA1559F5 /* Pods-littleprinter.release.xcconfig */;
			buildSettings = {
				ALWAYS_EMBED_SWIFT_STANDARD_LIBRARIES = YES;
				ASSETCATALOG_COMPILER_APPICON_NAME = AppIcon;
				CLANG_ENABLE_MODULES = YES;
				CODE_SIGN_ENTITLEMENTS = littleprinter/littleprinter.entitlements;
				CODE_SIGN_STYLE = Automatic;
				DEVELOPMENT_TEAM = 3A985RNWU8;
				INFOPLIST_FILE = littleprinter/Info.plist;
				IPHONEOS_DEPLOYMENT_TARGET = 11.0;
				LD_RUNPATH_SEARCH_PATHS = "$(inherited) @executable_path/Frameworks";
				PRODUCT_BUNDLE_IDENTIFIER = co.nordprojects.littleprinter;
				PRODUCT_NAME = "$(TARGET_NAME)";
				SWIFT_OBJC_BRIDGING_HEADER = "littleprinter/Utilities/littleprinter-Bridging-Header.h";
				SWIFT_VERSION = 5.0;
				TARGETED_DEVICE_FAMILY = 1;
			};
			name = Release;
		};
		9BDE7D1E200905CA0019AB81 /* Debug */ = {
			isa = XCBuildConfiguration;
			baseConfigurationReference = B79A12B938AB7EFBF90EDCC9 /* Pods-littleprintershare.debug.xcconfig */;
			buildSettings = {
				CODE_SIGN_ENTITLEMENTS = share/share.entitlements;
				CODE_SIGN_STYLE = Automatic;
				DEVELOPMENT_TEAM = 3A985RNWU8;
				INFOPLIST_FILE = share/Info.plist;
				IPHONEOS_DEPLOYMENT_TARGET = 11.0;
				LD_RUNPATH_SEARCH_PATHS = "$(inherited) @executable_path/Frameworks @executable_path/../../Frameworks";
				PRODUCT_BUNDLE_IDENTIFIER = co.nordprojects.littleprinter.share;
				PRODUCT_NAME = "$(TARGET_NAME)";
				SKIP_INSTALL = YES;
				SWIFT_OBJC_BRIDGING_HEADER = "littleprinter/Utilities/littleprinter-Bridging-Header.h";
				SWIFT_VERSION = 5.0;
				TARGETED_DEVICE_FAMILY = "1,2";
			};
			name = Debug;
		};
		9BDE7D1F200905CA0019AB81 /* Release */ = {
			isa = XCBuildConfiguration;
			baseConfigurationReference = D65C9079B518A328D8044A26 /* Pods-littleprintershare.release.xcconfig */;
			buildSettings = {
				CODE_SIGN_ENTITLEMENTS = share/share.entitlements;
				CODE_SIGN_STYLE = Automatic;
				DEVELOPMENT_TEAM = 3A985RNWU8;
				INFOPLIST_FILE = share/Info.plist;
				IPHONEOS_DEPLOYMENT_TARGET = 11.0;
				LD_RUNPATH_SEARCH_PATHS = "$(inherited) @executable_path/Frameworks @executable_path/../../Frameworks";
				PRODUCT_BUNDLE_IDENTIFIER = co.nordprojects.littleprinter.share;
				PRODUCT_NAME = "$(TARGET_NAME)";
				SKIP_INSTALL = YES;
				SWIFT_OBJC_BRIDGING_HEADER = "littleprinter/Utilities/littleprinter-Bridging-Header.h";
				SWIFT_VERSION = 5.0;
				TARGETED_DEVICE_FAMILY = "1,2";
			};
			name = Release;
		};
/* End XCBuildConfiguration section */

/* Begin XCConfigurationList section */
		9B2E02302004BECA0008AC1F /* Build configuration list for PBXProject "littleprinter" */ = {
			isa = XCConfigurationList;
			buildConfigurations = (
				9B2E02452004BECA0008AC1F /* Debug */,
				9B2E02462004BECA0008AC1F /* Release */,
			);
			defaultConfigurationIsVisible = 0;
			defaultConfigurationName = Release;
		};
		9B2E02472004BECA0008AC1F /* Build configuration list for PBXNativeTarget "littleprinter" */ = {
			isa = XCConfigurationList;
			buildConfigurations = (
				9B2E02482004BECA0008AC1F /* Debug */,
				9B2E02492004BECA0008AC1F /* Release */,
			);
			defaultConfigurationIsVisible = 0;
			defaultConfigurationName = Release;
		};
		9BDE7D1D200905CA0019AB81 /* Build configuration list for PBXNativeTarget "littleprintershare" */ = {
			isa = XCConfigurationList;
			buildConfigurations = (
				9BDE7D1E200905CA0019AB81 /* Debug */,
				9BDE7D1F200905CA0019AB81 /* Release */,
			);
			defaultConfigurationIsVisible = 0;
			defaultConfigurationName = Release;
		};
/* End XCConfigurationList section */
	};
	rootObject = 9B2E022D2004BECA0008AC1F /* Project object */;
}
